# THIS IS AN AUTOGENERATED FILE. DO NOT EDIT THIS FILE DIRECTLY.
assets/custom.css:
  development: 2018-01-10T10:16:04-05:00   5d40bd0ce618c1093e6f988ea71b33ea
assets/responsive.css.liquid:
  development: 2018-01-14T06:16:43-05:00   af0289dfc01cde1699a51488d74df3ed
assets/styles-setting.css.liquid:
  development: 2018-01-13T06:02:08-05:00   82c3590641eac94437a0345b4446668b
assets/styles.css.liquid:
  development: 2018-01-15T14:02:34-05:00   ebf03da66aa9c5781a7c2f4ffda79091
layout/theme.liquid:
  development: 2018-01-07T11:32:42-05:00   a1d610bcee8d30fa12a3574af47711b6
sections/footer.liquid:
  development: 2018-01-12T17:44:49-05:00   ca4dc8eed91176144281871d342c8f54
sections/header.liquid:
  development: 2018-01-12T22:42:46-05:00   8f3c9ac57223c5bbc6a7a2cefa80e7f9
sections/product-template.liquid:
  development: 2018-01-12T16:41:36-05:00   30fd84b511888d170a0b8d78f866e1da
snippets/canvas-menu.liquid:
  development: 2018-01-13T05:53:13-05:00   f5b7606713b9188f1caf478984fffdd0
snippets/filter-sub-menu.liquid:
  development: 2018-01-10T10:56:49-05:00   e3ec3a189d0028bfc668a3c5b0730249
snippets/footer-menu-list.liquid:
  development: 2018-01-17T11:37:38-05:00   c5fa80f01a960d478b80b2fbb1fb6676
snippets/header-search-cart.liquid:
  development: 2018-01-12T22:33:31-05:00   e6bef9eac0dff09464e22e6b1f6fdc5e
snippets/new-currency-top.liquid:
  development: 2018-01-13T05:38:10-05:00   bdba2e4442c333086abb57fe9cc812a1
snippets/page-careers.liquid:
  development: 2018-01-17T11:37:49-05:00   31750ca9dfb8dccaa2bf1bcd2573bfe3
snippets/page-feedback.liquid:
  development: 2018-01-17T11:38:04-05:00   e17bb66fc16dad47194052b23b494cf2
snippets/page-oaki-story.liquid:
  development: 2018-01-17T11:37:56-05:00   0cb6424ddac502f7f2ecfc1746df622f
snippets/page-payment.liquid:
  development: 2018-01-17T11:38:12-05:00   8707662ce913f7f4e79c1f932f46ba4f
snippets/page-phone-gallery.liquid:
  development: 2018-01-17T11:38:18-05:00   e046b9e0d48b484b0c8e8ed70754930d
snippets/site-nav.liquid:
  development: 2018-01-12T11:17:57-05:00   b176bf44eb80cabfad3617fa6d9a08bc
snippets/toolbar.liquid:
  development: 2017-12-18T03:37:42-05:00   80b4e7e46d0013be3352c5126e2104fa
templates/customers/account.liquid:
  development: 2018-01-17T12:00:37-05:00   b5eac4a3514e214a6eda5b02581f28fd
templates/customers/activate_account.liquid:
  development: 2018-01-15T14:01:24-05:00   14bdb3dbe891ff6baecdc7f44139ee7c
templates/customers/login.liquid:
  development: 2018-01-17T11:57:21-05:00   461d3ed1ca838b84ff09714639cf9ae8
templates/customers/register.liquid:
  development: 2018-01-15T14:03:52-05:00   b15c38747d4102d17a567044f73e3255
templates/page.liquid:
  development: 2018-01-05T16:12:47-05:00   5c9fbe22cac62ee4376f22e392b68a6e
